// !$*UTF8*$!
{
	archiveVersion = 1;
	classes = {
	};
	objectVersion = 48;
	objects = {

/* Begin PBXBuildFile section */
		9B3EF6DF209218AE00227698 /* AppDelegate.swift in Sources */ = {isa = PBXBuildFile; fileRef = 9B3EF6DE209218AE00227698 /* AppDelegate.swift */; };
		9B3EF6E1209218AE00227698 /* ViewController.swift in Sources */ = {isa = PBXBuildFile; fileRef = 9B3EF6E0209218AE00227698 /* ViewController.swift */; };
		9B3EF6E4209218AE00227698 /* Main.storyboard in Resources */ = {isa = PBXBuildFile; fileRef = 9B3EF6E2209218AE00227698 /* Main.storyboard */; };
		9B3EF6E9209218AE00227698 /* Assets.xcassets in Resources */ = {isa = PBXBuildFile; fileRef = 9B3EF6E8209218AE00227698 /* Assets.xcassets */; };
		9B3EF6EC209218AE00227698 /* LaunchScreen.storyboard in Resources */ = {isa = PBXBuildFile; fileRef = 9B3EF6EA209218AE00227698 /* LaunchScreen.storyboard */; };
		9B3EF6F7209218AF00227698 /* MemoryGameTests.swift in Sources */ = {isa = PBXBuildFile; fileRef = 9B3EF6F6209218AF00227698 /* MemoryGameTests.swift */; };
		9B3EF70620B1AC8300227698 /* PlayGameViewController.swift in Sources */ = {isa = PBXBuildFile; fileRef = 9B3EF70520B1AC8300227698 /* PlayGameViewController.swift */; };
		9B3EF70820B1ACB800227698 /* ScoresViewController.swift in Sources */ = {isa = PBXBuildFile; fileRef = 9B3EF70720B1ACB800227698 /* ScoresViewController.swift */; };
		9B3EF70A20B1ACCD00227698 /* AuthorsViewController.swift in Sources */ = {isa = PBXBuildFile; fileRef = 9B3EF70920B1ACCD00227698 /* AuthorsViewController.swift */; };
		9B3EF70C20B1AD5A00227698 /* SelectGameParametersViewController.swift in Sources */ = {isa = PBXBuildFile; fileRef = 9B3EF70B20B1AD5A00227698 /* SelectGameParametersViewController.swift */; };
		9B3EF70E20B81BCE00227698 /* MyCollectionViewCell.swift in Sources */ = {isa = PBXBuildFile; fileRef = 9B3EF70D20B81BCE00227698 /* MyCollectionViewCell.swift */; };
		9B3EF71420B88A8D00227698 /* Game.swift in Sources */ = {isa = PBXBuildFile; fileRef = 9B3EF71320B88A8D00227698 /* Game.swift */; };
		9BB950C720C0589300668701 /* MyTableViewCell.swift in Sources */ = {isa = PBXBuildFile; fileRef = 9BB950C620C0589300668701 /* MyTableViewCell.swift */; };
		9BB950D020C080BA00668701 /* CDMemoryGame.xcdatamodeld in Sources */ = {isa = PBXBuildFile; fileRef = 9B3EF6E5209218AE00227698 /* CDMemoryGame.xcdatamodeld */; };
		9BB950D920C09F6A00668701 /* CDMemoryGame+CoreDataClass.swift in Sources */ = {isa = PBXBuildFile; fileRef = 9BB950D720C09F6A00668701 /* CDMemoryGame+CoreDataClass.swift */; };
		9BB950DA20C09F6A00668701 /* CDMemoryGame+CoreDataProperties.swift in Sources */ = {isa = PBXBuildFile; fileRef = 9BB950D820C09F6A00668701 /* CDMemoryGame+CoreDataProperties.swift */; };
/* End PBXBuildFile section */

/* Begin PBXContainerItemProxy section */
		9B3EF6F3209218AF00227698 /* PBXContainerItemProxy */ = {
			isa = PBXContainerItemProxy;
			containerPortal = 9B3EF6D3209218AE00227698 /* Project object */;
			proxyType = 1;
			remoteGlobalIDString = 9B3EF6DA209218AE00227698;
			remoteInfo = MemoryGame;
		};
/* End PBXContainerItemProxy section */

/* Begin PBXFileReference section */
		9B3EF6DB209218AE00227698 /* MemoryGame.app */ = {isa = PBXFileReference; explicitFileType = wrapper.application; includeInIndex = 0; path = MemoryGame.app; sourceTree = BUILT_PRODUCTS_DIR; };
		9B3EF6DE209218AE00227698 /* AppDelegate.swift */ = {isa = PBXFileReference; lastKnownFileType = sourcecode.swift; path = AppDelegate.swift; sourceTree = "<group>"; };
		9B3EF6E0209218AE00227698 /* ViewController.swift */ = {isa = PBXFileReference; lastKnownFileType = sourcecode.swift; path = ViewController.swift; sourceTree = "<group>"; };
		9B3EF6E3209218AE00227698 /* Base */ = {isa = PBXFileReference; lastKnownFileType = file.storyboard; name = Base; path = Base.lproj/Main.storyboard; sourceTree = "<group>"; };
		9B3EF6E6209218AE00227698 /* MemoryGame.xcdatamodel */ = {isa = PBXFileReference; lastKnownFileType = wrapper.xcdatamodel; path = MemoryGame.xcdatamodel; sourceTree = "<group>"; };
		9B3EF6E8209218AE00227698 /* Assets.xcassets */ = {isa = PBXFileReference; lastKnownFileType = folder.assetcatalog; path = Assets.xcassets; sourceTree = "<group>"; };
		9B3EF6EB209218AE00227698 /* Base */ = {isa = PBXFileReference; lastKnownFileType = file.storyboard; name = Base; path = Base.lproj/LaunchScreen.storyboard; sourceTree = "<group>"; };
		9B3EF6ED209218AE00227698 /* Info.plist */ = {isa = PBXFileReference; lastKnownFileType = text.plist.xml; path = Info.plist; sourceTree = "<group>"; };
		9B3EF6F2209218AF00227698 /* MemoryGameTests.xctest */ = {isa = PBXFileReference; explicitFileType = wrapper.cfbundle; includeInIndex = 0; path = MemoryGameTests.xctest; sourceTree = BUILT_PRODUCTS_DIR; };
		9B3EF6F6209218AF00227698 /* MemoryGameTests.swift */ = {isa = PBXFileReference; lastKnownFileType = sourcecode.swift; path = MemoryGameTests.swift; sourceTree = "<group>"; };
		9B3EF6F8209218AF00227698 /* Info.plist */ = {isa = PBXFileReference; lastKnownFileType = text.plist.xml; path = Info.plist; sourceTree = "<group>"; };
		9B3EF70520B1AC8300227698 /* PlayGameViewController.swift */ = {isa = PBXFileReference; lastKnownFileType = sourcecode.swift; path = PlayGameViewController.swift; sourceTree = "<group>"; };
		9B3EF70720B1ACB800227698 /* ScoresViewController.swift */ = {isa = PBXFileReference; lastKnownFileType = sourcecode.swift; path = ScoresViewController.swift; sourceTree = "<group>"; };
		9B3EF70920B1ACCD00227698 /* AuthorsViewController.swift */ = {isa = PBXFileReference; lastKnownFileType = sourcecode.swift; path = AuthorsViewController.swift; sourceTree = "<group>"; };
		9B3EF70B20B1AD5A00227698 /* SelectGameParametersViewController.swift */ = {isa = PBXFileReference; lastKnownFileType = sourcecode.swift; path = SelectGameParametersViewController.swift; sourceTree = "<group>"; };
		9B3EF70D20B81BCE00227698 /* MyCollectionViewCell.swift */ = {isa = PBXFileReference; lastKnownFileType = sourcecode.swift; path = MyCollectionViewCell.swift; sourceTree = "<group>"; };
		9B3EF71320B88A8D00227698 /* Game.swift */ = {isa = PBXFileReference; lastKnownFileType = sourcecode.swift; path = Game.swift; sourceTree = "<group>"; };
		9BB950C620C0589300668701 /* MyTableViewCell.swift */ = {isa = PBXFileReference; lastKnownFileType = sourcecode.swift; path = MyTableViewCell.swift; sourceTree = "<group>"; };
		9BB950D720C09F6A00668701 /* CDMemoryGame+CoreDataClass.swift */ = {isa = PBXFileReference; lastKnownFileType = sourcecode.swift; path = "CDMemoryGame+CoreDataClass.swift"; sourceTree = "<group>"; };
		9BB950D820C09F6A00668701 /* CDMemoryGame+CoreDataProperties.swift */ = {isa = PBXFileReference; lastKnownFileType = sourcecode.swift; path = "CDMemoryGame+CoreDataProperties.swift"; sourceTree = "<group>"; };
/* End PBXFileReference section */

/* Begin PBXFrameworksBuildPhase section */
		9B3EF6D8209218AE00227698 /* Frameworks */ = {
			isa = PBXFrameworksBuildPhase;
			buildActionMask = 2147483647;
			files = (
			);
			runOnlyForDeploymentPostprocessing = 0;
		};
		9B3EF6EF209218AF00227698 /* Frameworks */ = {
			isa = PBXFrameworksBuildPhase;
			buildActionMask = 2147483647;
			files = (
			);
			runOnlyForDeploymentPostprocessing = 0;
		};
/* End PBXFrameworksBuildPhase section */

/* Begin PBXGroup section */
		9B3EF6D2209218AE00227698 = {
			isa = PBXGroup;
			children = (
				9B3EF6DD209218AE00227698 /* MemoryGame */,
				9B3EF6F5209218AF00227698 /* MemoryGameTests */,
				9B3EF6DC209218AE00227698 /* Products */,
			);
			sourceTree = "<group>";
		};
		9B3EF6DC209218AE00227698 /* Products */ = {
			isa = PBXGroup;
			children = (
				9B3EF6DB209218AE00227698 /* MemoryGame.app */,
				9B3EF6F2209218AF00227698 /* MemoryGameTests.xctest */,
			);
			name = Products;
			sourceTree = "<group>";
		};
		9B3EF6DD209218AE00227698 /* MemoryGame */ = {
			isa = PBXGroup;
			children = (
				9BB950D620C09F3C00668701 /* CoreDataEntities */,
				9B3EF6DE209218AE00227698 /* AppDelegate.swift */,
				9B3EF6E0209218AE00227698 /* ViewController.swift */,
				9B3EF6E2209218AE00227698 /* Main.storyboard */,
				9B3EF6E8209218AE00227698 /* Assets.xcassets */,
				9B3EF6EA209218AE00227698 /* LaunchScreen.storyboard */,
				9B3EF6ED209218AE00227698 /* Info.plist */,
				9B3EF6E5209218AE00227698 /* CDMemoryGame.xcdatamodeld */,
				9B3EF70520B1AC8300227698 /* PlayGameViewController.swift */,
				9B3EF70720B1ACB800227698 /* ScoresViewController.swift */,
				9B3EF70920B1ACCD00227698 /* AuthorsViewController.swift */,
				9B3EF70B20B1AD5A00227698 /* SelectGameParametersViewController.swift */,
				9B3EF70D20B81BCE00227698 /* MyCollectionViewCell.swift */,
				9B3EF71320B88A8D00227698 /* Game.swift */,
				9BB950C620C0589300668701 /* MyTableViewCell.swift */,
			);
			path = MemoryGame;
			sourceTree = "<group>";
		};
		9B3EF6F5209218AF00227698 /* MemoryGameTests */ = {
			isa = PBXGroup;
			children = (
				9B3EF6F6209218AF00227698 /* MemoryGameTests.swift */,
				9B3EF6F8209218AF00227698 /* Info.plist */,
			);
			path = MemoryGameTests;
			sourceTree = "<group>";
		};
		9BB950D620C09F3C00668701 /* CoreDataEntities */ = {
			isa = PBXGroup;
			children = (
				9BB950D720C09F6A00668701 /* CDMemoryGame+CoreDataClass.swift */,
				9BB950D820C09F6A00668701 /* CDMemoryGame+CoreDataProperties.swift */,
			);
			path = CoreDataEntities;
			sourceTree = "<group>";
		};
/* End PBXGroup section */

/* Begin PBXNativeTarget section */
		9B3EF6DA209218AE00227698 /* MemoryGame */ = {
			isa = PBXNativeTarget;
			buildConfigurationList = 9B3EF6FB209218AF00227698 /* Build configuration list for PBXNativeTarget "MemoryGame" */;
			buildPhases = (
				9B3EF6D7209218AE00227698 /* Sources */,
				9B3EF6D8209218AE00227698 /* Frameworks */,
				9B3EF6D9209218AE00227698 /* Resources */,
			);
			buildRules = (
			);
			dependencies = (
			);
			name = MemoryGame;
			productName = MemoryGame;
			productReference = 9B3EF6DB209218AE00227698 /* MemoryGame.app */;
			productType = "com.apple.product-type.application";
		};
		9B3EF6F1209218AF00227698 /* MemoryGameTests */ = {
			isa = PBXNativeTarget;
			buildConfigurationList = 9B3EF6FE209218AF00227698 /* Build configuration list for PBXNativeTarget "MemoryGameTests" */;
			buildPhases = (
				9B3EF6EE209218AF00227698 /* Sources */,
				9B3EF6EF209218AF00227698 /* Frameworks */,
				9B3EF6F0209218AF00227698 /* Resources */,
			);
			buildRules = (
			);
			dependencies = (
				9B3EF6F4209218AF00227698 /* PBXTargetDependency */,
			);
			name = MemoryGameTests;
			productName = MemoryGameTests;
			productReference = 9B3EF6F2209218AF00227698 /* MemoryGameTests.xctest */;
			productType = "com.apple.product-type.bundle.unit-test";
		};
/* End PBXNativeTarget section */

/* Begin PBXProject section */
		9B3EF6D3209218AE00227698 /* Project object */ = {
			isa = PBXProject;
			attributes = {
				LastSwiftUpdateCheck = 0920;
				LastUpgradeCheck = 0920;
				ORGANIZATIONNAME = "Malgorzata Zawisza";
				TargetAttributes = {
					9B3EF6DA209218AE00227698 = {
						CreatedOnToolsVersion = 9.2;
						ProvisioningStyle = Automatic;
					};
					9B3EF6F1209218AF00227698 = {
						CreatedOnToolsVersion = 9.2;
						ProvisioningStyle = Automatic;
						TestTargetID = 9B3EF6DA209218AE00227698;
					};
				};
			};
			buildConfigurationList = 9B3EF6D6209218AE00227698 /* Build configuration list for PBXProject "MemoryGame" */;
			compatibilityVersion = "Xcode 8.0";
			developmentRegion = en;
			hasScannedForEncodings = 0;
			knownRegions = (
				en,
				Base,
			);
			mainGroup = 9B3EF6D2209218AE00227698;
			productRefGroup = 9B3EF6DC209218AE00227698 /* Products */;
			projectDirPath = "";
			projectRoot = "";
			targets = (
				9B3EF6DA209218AE00227698 /* MemoryGame */,
				9B3EF6F1209218AF00227698 /* MemoryGameTests */,
			);
		};
/* End PBXProject section */

/* Begin PBXResourcesBuildPhase section */
		9B3EF6D9209218AE00227698 /* Resources */ = {
			isa = PBXResourcesBuildPhase;
			buildActionMask = 2147483647;
			files = (
				9B3EF6EC209218AE00227698 /* LaunchScreen.storyboard in Resources */,
				9B3EF6E9209218AE00227698 /* Assets.xcassets in Resources */,
				9B3EF6E4209218AE00227698 /* Main.storyboard in Resources */,
			);
			runOnlyForDeploymentPostprocessing = 0;
		};
		9B3EF6F0209218AF00227698 /* Resources */ = {
			isa = PBXResourcesBuildPhase;
			buildActionMask = 2147483647;
			files = (
			);
			runOnlyForDeploymentPostprocessing = 0;
		};
/* End PBXResourcesBuildPhase section */

/* Begin PBXSourcesBuildPhase section */
		9B3EF6D7209218AE00227698 /* Sources */ = {
			isa = PBXSourcesBuildPhase;
			buildActionMask = 2147483647;
			files = (
				9B3EF70C20B1AD5A00227698 /* SelectGameParametersViewController.swift in Sources */,
				9BB950DA20C09F6A00668701 /* CDMemoryGame+CoreDataProperties.swift in Sources */,
				9B3EF71420B88A8D00227698 /* Game.swift in Sources */,
				9B3EF6E1209218AE00227698 /* ViewController.swift in Sources */,
				9BB950C720C0589300668701 /* MyTableViewCell.swift in Sources */,
				9B3EF70E20B81BCE00227698 /* MyCollectionViewCell.swift in Sources */,
				9B3EF70A20B1ACCD00227698 /* AuthorsViewController.swift in Sources */,
				9BB950D920C09F6A00668701 /* CDMemoryGame+CoreDataClass.swift in Sources */,
				9B3EF70820B1ACB800227698 /* ScoresViewController.swift in Sources */,
				9B3EF6DF209218AE00227698 /* AppDelegate.swift in Sources */,
				9B3EF70620B1AC8300227698 /* PlayGameViewController.swift in Sources */,
				9BB950D020C080BA00668701 /* CDMemoryGame.xcdatamodeld in Sources */,
			);
			runOnlyForDeploymentPostprocessing = 0;
		};
		9B3EF6EE209218AF00227698 /* Sources */ = {
			isa = PBXSourcesBuildPhase;
			buildActionMask = 2147483647;
			files = (
				9B3EF6F7209218AF00227698 /* MemoryGameTests.swift in Sources */,
			);
			runOnlyForDeploymentPostprocessing = 0;
		};
/* End PBXSourcesBuildPhase section */

/* Begin PBXTargetDependency section */
		9B3EF6F4209218AF00227698 /* PBXTargetDependency */ = {
			isa = PBXTargetDependency;
			target = 9B3EF6DA209218AE00227698 /* MemoryGame */;
			targetProxy = 9B3EF6F3209218AF00227698 /* PBXContainerItemProxy */;
		};
/* End PBXTargetDependency section */

/* Begin PBXVariantGroup section */
		9B3EF6E2209218AE00227698 /* Main.storyboard */ = {
			isa = PBXVariantGroup;
			children = (
				9B3EF6E3209218AE00227698 /* Base */,
			);
			name = Main.storyboard;
			sourceTree = "<group>";
		};
		9B3EF6EA209218AE00227698 /* LaunchScreen.storyboard */ = {
			isa = PBXVariantGroup;
			children = (
				9B3EF6EB209218AE00227698 /* Base */,
			);
			name = LaunchScreen.storyboard;
			sourceTree = "<group>";
		};
/* End PBXVariantGroup section */

/* Begin XCBuildConfiguration section */
		9B3EF6F9209218AF00227698 /* Debug */ = {
			isa = XCBuildConfiguration;
			buildSettings = {
				ALWAYS_SEARCH_USER_PATHS = NO;
				CLANG_ANALYZER_NONNULL = YES;
				CLANG_ANALYZER_NUMBER_OBJECT_CONVERSION = YES_AGGRESSIVE;
				CLANG_CXX_LANGUAGE_STANDARD = "gnu++14";
				CLANG_CXX_LIBRARY = "libc++";
				CLANG_ENABLE_MODULES = YES;
				CLANG_ENABLE_OBJC_ARC = YES;
				CLANG_WARN_BLOCK_CAPTURE_AUTORELEASING = YES;
				CLANG_WARN_BOOL_CONVERSION = YES;
				CLANG_WARN_COMMA = YES;
				CLANG_WARN_CONSTANT_CONVERSION = YES;
				CLANG_WARN_DIRECT_OBJC_ISA_USAGE = YES_ERROR;
				CLANG_WARN_DOCUMENTATION_COMMENTS = YES;
				CLANG_WARN_EMPTY_BODY = YES;
				CLANG_WARN_ENUM_CONVERSION = YES;
				CLANG_WARN_INFINITE_RECURSION = YES;
				CLANG_WARN_INT_CONVERSION = YES;
				CLANG_WARN_NON_LITERAL_NULL_CONVERSION = YES;
				CLANG_WARN_OBJC_LITERAL_CONVERSION = YES;
				CLANG_WARN_OBJC_ROOT_CLASS = YES_ERROR;
				CLANG_WARN_RANGE_LOOP_ANALYSIS = YES;
				CLANG_WARN_STRICT_PROTOTYPES = YES;
				CLANG_WARN_SUSPICIOUS_MOVE = YES;
				CLANG_WARN_UNGUARDED_AVAILABILITY = YES_AGGRESSIVE;
				CLANG_WARN_UNREACHABLE_CODE = YES;
				CLANG_WARN__DUPLICATE_METHOD_MATCH = YES;
				CODE_SIGN_IDENTITY = "iPhone Developer";
				COPY_PHASE_STRIP = NO;
				DEBUG_INFORMATION_FORMAT = dwarf;
				ENABLE_STRICT_OBJC_MSGSEND = YES;
				ENABLE_TESTABILITY = YES;
				GCC_C_LANGUAGE_STANDARD = gnu11;
				GCC_DYNAMIC_NO_PIC = NO;
				GCC_NO_COMMON_BLOCKS = YES;
				GCC_OPTIMIZATION_LEVEL = 0;
				GCC_PREPROCESSOR_DEFINITIONS = (
					"DEBUG=1",
					"$(inherited)",
				);
				GCC_WARN_64_TO_32_BIT_CONVERSION = YES;
				GCC_WARN_ABOUT_RETURN_TYPE = YES_ERROR;
				GCC_WARN_UNDECLARED_SELECTOR = YES;
				GCC_WARN_UNINITIALIZED_AUTOS = YES_AGGRESSIVE;
				GCC_WARN_UNUSED_FUNCTION = YES;
				GCC_WARN_UNUSED_VARIABLE = YES;
				IPHONEOS_DEPLOYMENT_TARGET = 11.2;
				MTL_ENABLE_DEBUG_INFO = YES;
				ONLY_ACTIVE_ARCH = YES;
				SDKROOT = iphoneos;
				SWIFT_ACTIVE_COMPILATION_CONDITIONS = DEBUG;
				SWIFT_OPTIMIZATION_LEVEL = "-Onone";
			};
			name = Debug;
		};
		9B3EF6FA209218AF00227698 /* Release */ = {
			isa = XCBuildConfiguration;
			buildSettings = {
				ALWAYS_SEARCH_USER_PATHS = NO;
				CLANG_ANALYZER_NONNULL = YES;
				CLANG_ANALYZER_NUMBER_OBJECT_CONVERSION = YES_AGGRESSIVE;
				CLANG_CXX_LANGUAGE_STANDARD = "gnu++14";
				CLANG_CXX_LIBRARY = "libc++";
				CLANG_ENABLE_MODULES = YES;
				CLANG_ENABLE_OBJC_ARC = YES;
				CLANG_WARN_BLOCK_CAPTURE_AUTORELEASING = YES;
				CLANG_WARN_BOOL_CONVERSION = YES;
				CLANG_WARN_COMMA = YES;
				CLANG_WARN_CONSTANT_CONVERSION = YES;
				CLANG_WARN_DIRECT_OBJC_ISA_USAGE = YES_ERROR;
				CLANG_WARN_DOCUMENTATION_COMMENTS = YES;
				CLANG_WARN_EMPTY_BODY = YES;
				CLANG_WARN_ENUM_CONVERSION = YES;
				CLANG_WARN_INFINITE_RECURSION = YES;
				CLANG_WARN_INT_CONVERSION = YES;
				CLANG_WARN_NON_LITERAL_NULL_CONVERSION = YES;
				CLANG_WARN_OBJC_LITERAL_CONVERSION = YES;
				CLANG_WARN_OBJC_ROOT_CLASS = YES_ERROR;
				CLANG_WARN_RANGE_LOOP_ANALYSIS = YES;
				CLANG_WARN_STRICT_PROTOTYPES = YES;
				CLANG_WARN_SUSPICIOUS_MOVE = YES;
				CLANG_WARN_UNGUARDED_AVAILABILITY = YES_AGGRESSIVE;
				CLANG_WARN_UNREACHABLE_CODE = YES;
				CLANG_WARN__DUPLICATE_METHOD_MATCH = YES;
				CODE_SIGN_IDENTITY = "iPhone Developer";
				COPY_PHASE_STRIP = NO;
				DEBUG_INFORMATION_FORMAT = "dwarf-with-dsym";
				ENABLE_NS_ASSERTIONS = NO;
				ENABLE_STRICT_OBJC_MSGSEND = YES;
				GCC_C_LANGUAGE_STANDARD = gnu11;
				GCC_NO_COMMON_BLOCKS = YES;
				GCC_WARN_64_TO_32_BIT_CONVERSION = YES;
				GCC_WARN_ABOUT_RETURN_TYPE = YES_ERROR;
				GCC_WARN_UNDECLARED_SELECTOR = YES;
				GCC_WARN_UNINITIALIZED_AUTOS = YES_AGGRESSIVE;
				GCC_WARN_UNUSED_FUNCTION = YES;
				GCC_WARN_UNUSED_VARIABLE = YES;
				IPHONEOS_DEPLOYMENT_TARGET = 11.2;
				MTL_ENABLE_DEBUG_INFO = NO;
				SDKROOT = iphoneos;
				SWIFT_OPTIMIZATION_LEVEL = "-Owholemodule";
				VALIDATE_PRODUCT = YES;
			};
			name = Release;
		};
		9B3EF6FC209218AF00227698 /* Debug */ = {
			isa = XCBuildConfiguration;
			buildSettings = {
				ASSETCATALOG_COMPILER_APPICON_NAME = AppIcon;
				CODE_SIGN_STYLE = Automatic;
				INFOPLIST_FILE = MemoryGame/Info.plist;
				LD_RUNPATH_SEARCH_PATHS = "$(inherited) @executable_path/Frameworks";
				PRODUCT_BUNDLE_IDENTIFIER = milfushi.MemoryGame;
				PRODUCT_NAME = "$(TARGET_NAME)";
				SWIFT_VERSION = 4.0;
				TARGETED_DEVICE_FAMILY = 1;
			};
			name = Debug;
		};
		9B3EF6FD209218AF00227698 /* Release */ = {
			isa = XCBuildConfiguration;
			buildSettings = {
				ASSETCATALOG_COMPILER_APPICON_NAME = AppIcon;
				CODE_SIGN_STYLE = Automatic;
				INFOPLIST_FILE = MemoryGame/Info.plist;
				LD_RUNPATH_SEARCH_PATHS = "$(inherited) @executable_path/Frameworks";
				PRODUCT_BUNDLE_IDENTIFIER = milfushi.MemoryGame;
				PRODUCT_NAME = "$(TARGET_NAME)";
				SWIFT_VERSION = 4.0;
				TARGETED_DEVICE_FAMILY = 1;
			};
			name = Release;
		};
		9B3EF6FF209218AF00227698 /* Debug */ = {
			isa = XCBuildConfiguration;
			buildSettings = {
				ALWAYS_EMBED_SWIFT_STANDARD_LIBRARIES = YES;
				BUNDLE_LOADER = "$(TEST_HOST)";
				CODE_SIGN_STYLE = Automatic;
				INFOPLIST_FILE = MemoryGameTests/Info.plist;
				LD_RUNPATH_SEARCH_PATHS = "$(inherited) @executable_path/Frameworks @loader_path/Frameworks";
				PRODUCT_BUNDLE_IDENTIFIER = milfushi.MemoryGameTests;
				PRODUCT_NAME = "$(TARGET_NAME)";
				SWIFT_VERSION = 4.0;
				TARGETED_DEVICE_FAMILY = "1,2";
				TEST_HOST = "$(BUILT_PRODUCTS_DIR)/MemoryGame.app/MemoryGame";
			};
			name = Debug;
		};
		9B3EF700209218AF00227698 /* Release */ = {
			isa = XCBuildConfiguration;
			buildSettings = {
				ALWAYS_EMBED_SWIFT_STANDARD_LIBRARIES = YES;
				BUNDLE_LOADER = "$(TEST_HOST)";
				CODE_SIGN_STYLE = Automatic;
				INFOPLIST_FILE = MemoryGameTests/Info.plist;
				LD_RUNPATH_SEARCH_PATHS = "$(inherited) @executable_path/Frameworks @loader_path/Frameworks";
				PRODUCT_BUNDLE_IDENTIFIER = milfushi.MemoryGameTests;
				PRODUCT_NAME = "$(TARGET_NAME)";
				SWIFT_VERSION = 4.0;
				TARGETED_DEVICE_FAMILY = "1,2";
				TEST_HOST = "$(BUILT_PRODUCTS_DIR)/MemoryGame.app/MemoryGame";
			};
			name = Release;
		};
/* End XCBuildConfiguration section */

/* Begin XCConfigurationList section */
		9B3EF6D6209218AE00227698 /* Build configuration list for PBXProject "MemoryGame" */ = {
			isa = XCConfigurationList;
			buildConfigurations = (
				9B3EF6F9209218AF00227698 /* Debug */,
				9B3EF6FA209218AF00227698 /* Release */,
			);
			defaultConfigurationIsVisible = 0;
			defaultConfigurationName = Release;
		};
		9B3EF6FB209218AF00227698 /* Build configuration list for PBXNativeTarget "MemoryGame" */ = {
			isa = XCConfigurationList;
			buildConfigurations = (
				9B3EF6FC209218AF00227698 /* Debug */,
				9B3EF6FD209218AF00227698 /* Release */,
			);
			defaultConfigurationIsVisible = 0;
			defaultConfigurationName = Release;
		};
		9B3EF6FE209218AF00227698 /* Build configuration list for PBXNativeTarget "MemoryGameTests" */ = {
			isa = XCConfigurationList;
			buildConfigurations = (
				9B3EF6FF209218AF00227698 /* Debug */,
				9B3EF700209218AF00227698 /* Release */,
			);
			defaultConfigurationIsVisible = 0;
			defaultConfigurationName = Release;
		};
/* End XCConfigurationList section */

/* Begin XCVersionGroup section */
		9B3EF6E5209218AE00227698 /* CDMemoryGame.xcdatamodeld */ = {
			isa = XCVersionGroup;
			children = (
				9B3EF6E6209218AE00227698 /* MemoryGame.xcdatamodel */,
			);
			currentVersion = 9B3EF6E6209218AE00227698 /* MemoryGame.xcdatamodel */;
			path = CDMemoryGame.xcdatamodeld;
			sourceTree = "<group>";
			versionGroupType = wrapper.xcdatamodel;
		};
/* End XCVersionGroup section */
	};
	rootObject = 9B3EF6D3209218AE00227698 /* Project object */;
}
